
Microsoft Visual Studio Solution File, Format Version 12.00
# Visual Studio Version 17
VisualStudioVersion = 17.0.32112.339
MinimumVisualStudioVersion = 10.0.40219.1
Project("{FAE04EC0-301F-11D3-BF4B-00C04F79EFBC}") = "Unit8_6_Binary", "Unit8_6_Binary.csproj", "{828AD134-1FBE-4329-9D7B-9E1CA8CCCE8C}"
EndProject
Global
	GlobalSection(SolutionConfigurationPlatforms) = preSolution
		Debug|Any CPU = Debug|Any CPU
		Release|Any CPU = Release|Any CPU
	EndGlobalSection
	GlobalSection(ProjectConfigurationPlatforms) = postSolution
		{828AD134-1FBE-4329-9D7B-9E1CA8CCCE8C}.Debug|Any CPU.ActiveCfg = Debug|Any CPU
		{828AD134-1FBE-4329-9D7B-9E1CA8CCCE8C}.Debug|Any CPU.Build.0 = Debug|Any CPU
		{828AD134-1FBE-4329-9D7B-9E1CA8CCCE8C}.Release|Any CPU.ActiveCfg = Release|Any CPU
		{828AD134-1FBE-4329-9D7B-9E1CA8CCCE8C}.Release|Any CPU.Build.0 = Release|Any CPU
	EndGlobalSection
	GlobalSection(SolutionProperties) = preSolution
		HideSolutionNode = FALSE
	EndGlobalSection
	GlobalSection(ExtensibilityGlobals) = postSolution
		SolutionGuid = {4DD2BE78-1D5C-49DE-8D2A-95DB4AB2D2C6}
	EndGlobalSection
EndGlobal
